<?xml version="1.0" encoding="utf-8"?>
<Project ToolsVersion="4.0" xmlns="http://schemas.microsoft.com/developer/msbuild/2003">
  <ItemGroup>
    <ClInclude Include="..\..\common\adl_prototypes.h">
      <Filter>common\Header Files</Filter>
    </ClInclude>
    <ClInclude Include="..\..\common\Thread.h">
      <Filter>common\Header Files</Filter>
    </ClInclude>
    <ClInclude Include="..\..\common\BufferQueue.h">
      <Filter>common\Header Files</Filter>
    </ClInclude>
    <ClInclude Include="..\..\common\FormatInfo.h">
      <Filter>common\Header Files</Filter>
    </ClInclude>
    <ClInclude Include="..\..\common\GLWindow.h">
      <Filter>common\Header Files</Filter>
    </ClInclude>
    <ClInclude Include="..\..\common\os_include.h">
      <Filter>common\Header Files</Filter>
    </ClInclude>
    <ClInclude Include="..\..\common\RenderTarget.h">
      <Filter>common\Header Files</Filter>
    </ClInclude>
    <ClInclude Include="defines.h">
      <Filter>Header Files</Filter>
    </ClInclude>
    <ClInclude Include="GLTransferBuffers.h">
      <Filter>Header Files</Filter>
    </ClInclude>
    <ClInclude Include="GLCopyApp.h">
      <Filter>Header Files</Filter>
    </ClInclude>
    <ClInclude Include="GLSink.h">
      <Filter>Header Files</Filter>
    </ClInclude>
    <ClInclude Include="GLSource.h">
      <Filter>Header Files</Filter>
    </ClInclude>
    <ClInclude Include="rgbimage.h">
      <Filter>Header Files</Filter>
    </ClInclude>
    <ClInclude Include="FireCube.h">
      <Filter>Header Files</Filter>
    </ClInclude>
    <ClInclude Include="..\..\common\ADLtool.h">
      <Filter>common\Header Files</Filter>
    </ClInclude>
  </ItemGroup>
  <ItemGroup>
    <ClCompile Include="..\..\common\BufferQueue.cpp">
      <Filter>common\Source Files</Filter>
    </ClCompile>
    <ClCompile Include="..\..\common\FormatInfo.cpp">
      <Filter>common\Source Files</Filter>
    </ClCompile>
    <ClCompile Include="..\..\common\GLWindow.cpp">
      <Filter>common\Source Files</Filter>
    </ClCompile>
    <ClCompile Include="..\..\common\RenderTarget.cpp">
      <Filter>common\Source Files</Filter>
    </ClCompile>
    <ClCompile Include="..\..\common\Thread.cpp">
      <Filter>common\Source Files</Filter>
    </ClCompile>
    <ClCompile Include="GLCopyApp.cpp">
      <Filter>Source Files</Filter>
    </ClCompile>
    <ClCompile Include="GLSink.cpp">
      <Filter>Source Files</Filter>
    </ClCompile>
    <ClCompile Include="GLSource.cpp">
      <Filter>Source Files</Filter>
    </ClCompile>
    <ClCompile Include="GLTransferBuffers.cpp">
      <Filter>Source Files</Filter>
    </ClCompile>
    <ClCompile Include="main.cpp">
      <Filter>Source Files</Filter>
    </ClCompile>
    <ClCompile Include="rgbimage.cpp">
      <Filter>Source Files</Filter>
    </ClCompile>
    <ClCompile Include="FireCube.cpp">
      <Filter>Source Files</Filter>
    </ClCompile>
    <ClCompile Include="..\..\common\ADLtool.cpp">
      <Filter>common\Source Files</Filter>
    </ClCompile>
  </ItemGroup>
  <ItemGroup>
    <Filter Include="common">
      <UniqueIdentifier>{e37b8552-4ab9-471c-8568-885eb9ea7149}</UniqueIdentifier>
    </Filter>
    <Filter Include="common\Source Files">
      <UniqueIdentifier>{78428514-66ac-4cd8-9594-078f46f82cb5}</UniqueIdentifier>
      <Extensions>cpp;c;cc;cxx;def;odl;idl;hpj;bat;asm;asmx</Extensions>
    </Filter>
    <Filter Include="Source Files">
      <UniqueIdentifier>{0de04a37-8b00-4990-bb92-781b3ee5183e}</UniqueIdentifier>
      <Extensions>cpp;c;cc;cxx;def;odl;idl;hpj;bat;asm;asmx</Extensions>
    </Filter>
    <Filter Include="common\Header Files">
      <UniqueIdentifier>{8ba3a0ab-a5a7-42f2-9553-5d6e8e129efa}</UniqueIdentifier>
      <Extensions>h;hpp;hxx;hm;inl;inc;xsd</Extensions>
    </Filter>
    <Filter Include="Header Files">
      <UniqueIdentifier>{8ee8be54-2ced-450b-b0a8-be016688fa3e}</UniqueIdentifier>
      <Extensions>h;hpp;hxx;hm;inl;inc;xsd</Extensions>
    </Filter>
  </ItemGroup>
</Project>