<?xml version="1.0" encoding="utf-8"?>
<Project ToolsVersion="4.0" xmlns="http://schemas.microsoft.com/developer/msbuild/2003">
  <ItemGroup>
    <ClCompile Include="DXcopyApp.cpp">
      <Filter>Source Files</Filter>
    </ClCompile>
    <ClCompile Include="DXSinkWindow.cpp">
      <Filter>Source Files</Filter>
    </ClCompile>
    <ClCompile Include="DXSourceWindow.cpp">
      <Filter>Source Files</Filter>
    </ClCompile>
    <ClCompile Include="DXwindow.cpp">
      <Filter>Source Files</Filter>
    </ClCompile>
    <ClCompile Include="main.cpp">
      <Filter>Source Files</Filter>
    </ClCompile>
    <ClCompile Include="..\..\common\ADLtool.cpp">
      <Filter>common\Source Files</Filter>
    </ClCompile>
    <ClCompile Include="..\..\common\BufferQueue.cpp">
      <Filter>common\Source Files</Filter>
    </ClCompile>
    <ClCompile Include="..\..\common\Thread.cpp">
      <Filter>common\Source Files</Filter>
    </ClCompile>
  </ItemGroup>
  <ItemGroup>
    <ClInclude Include="DXcopyApp.h">
      <Filter>Header Files</Filter>
    </ClInclude>
    <ClInclude Include="DXSinkWindow.h">
      <Filter>Header Files</Filter>
    </ClInclude>
    <ClInclude Include="DXSourceWindow.h">
      <Filter>Header Files</Filter>
    </ClInclude>
    <ClInclude Include="DXwindow.h">
      <Filter>Header Files</Filter>
    </ClInclude>
    <ClInclude Include="..\..\common\ADLtool.h">
      <Filter>common\Header Files</Filter>
    </ClInclude>
    <ClInclude Include="..\..\common\BufferQueue.h">
      <Filter>common\Header Files</Filter>
    </ClInclude>
    <ClInclude Include="..\..\common\os_include.h">
      <Filter>common\Header Files</Filter>
    </ClInclude>
    <ClInclude Include="..\..\common\Thread.h">
      <Filter>common\Header Files</Filter>
    </ClInclude>
  </ItemGroup>
  <ItemGroup>
    <Filter Include="shader">
      <UniqueIdentifier>{c5413ac4-10a2-45c4-bb10-b5cffa9cf0e2}</UniqueIdentifier>
    </Filter>
    <Filter Include="common">
      <UniqueIdentifier>{0d5d22e8-b772-403e-95ce-692454853407}</UniqueIdentifier>
    </Filter>
    <Filter Include="Header Files">
      <UniqueIdentifier>{8fcb03f3-b89a-467b-b642-3867c4bceef0}</UniqueIdentifier>
      <Extensions>h;hpp;hxx;hm;inl;inc;xsd</Extensions>
    </Filter>
    <Filter Include="Source Files">
      <UniqueIdentifier>{01725355-2e5e-45bd-8842-42a248727182}</UniqueIdentifier>
      <Extensions>cpp;c;cc;cxx;def;odl;idl;hpj;bat;asm;asmx</Extensions>
    </Filter>
    <Filter Include="common\Header Files">
      <UniqueIdentifier>{575e6018-7ab3-4829-984b-513f2a53902d}</UniqueIdentifier>
      <Extensions>h;hpp;hxx;hm;inl;inc;xsd</Extensions>
    </Filter>
    <Filter Include="common\Source Files">
      <UniqueIdentifier>{2681fec0-4b21-4321-984f-16c490a94ec8}</UniqueIdentifier>
      <Extensions>cpp;c;cc;cxx;def;odl;idl;hpj;bat;asm;asmx</Extensions>
    </Filter>
  </ItemGroup>
  <ItemGroup>
    <None Include="..\resources\DrawCube.hlsl">
      <Filter>shader</Filter>
    </None>
  </ItemGroup>
</Project>